
Microsoft Visual Studio Solution File, Format Version 12.00
# Visual Studio Version 16
VisualStudioVersion = 16.0.29709.97
MinimumVisualStudioVersion = 10.0.40219.1
Project("{FAE04EC0-301F-11D3-BF4B-00C04F79EFBC}") = "Quiz", "Quiz.csproj", "{D31795BB-FEA0-4705-96F0-B3A1560CC17D}"
EndProject
Global
	GlobalSection(SolutionConfigurationPlatforms) = preSolution
		Debug|Any CPU = Debug|Any CPU
		Release|Any CPU = Release|Any CPU
	EndGlobalSection
	GlobalSection(ProjectConfigurationPlatforms) = postSolution
		{D31795BB-FEA0-4705-96F0-B3A1560CC17D}.Debug|Any CPU.ActiveCfg = Debug|Any CPU
		{D31795BB-FEA0-4705-96F0-B3A1560CC17D}.Debug|Any CPU.Build.0 = Debug|Any CPU
		{D31795BB-FEA0-4705-96F0-B3A1560CC17D}.Release|Any CPU.ActiveCfg = Release|Any CPU
		{D31795BB-FEA0-4705-96F0-B3A1560CC17D}.Release|Any CPU.Build.0 = Release|Any CPU
	EndGlobalSection
	GlobalSection(SolutionProperties) = preSolution
		HideSolutionNode = FALSE
	EndGlobalSection
	GlobalSection(ExtensibilityGlobals) = postSolution
		SolutionGuid = {7EED02B7-E253-4A5C-882A-3707BADF1895}
	EndGlobalSection
EndGlobal
